{
  "nodes": {
    "chaotic": {
      "inputs": {
        "flake-schemas": "flake-schemas",
        "home-manager": "home-manager",
        "jovian": "jovian",
        "nixpkgs": "nixpkgs",
        "rust-overlay": "rust-overlay"
      },
      "locked": {
        "lastModified": 1751164955,
        "narHash": "sha256-/VIG7u3BBnfjt8vymM1X00CiEvyHHuTlS56h8dpfcrU=",
        "owner": "chaotic-cx",
        "repo": "nyx",
        "rev": "692219a5478a0e5e98a275319cd2f554d1394e45",
        "type": "github"
      },
      "original": {
        "owner": "chaotic-cx",
        "ref": "nyxpkgs-unstable",
        "repo": "nyx",
        "type": "github"
      }
    },
    "disko": {
      "inputs": {
        "nixpkgs": [
          "nixpkgs"
        ]
      },
      "locked": {
        "lastModified": 1746728054,
        "narHash": "sha256-eDoSOhxGEm2PykZFa/x9QG5eTH0MJdiJ9aR00VAofXE=",
        "owner": "nix-community",
        "repo": "disko",
        "rev": "ff442f5d1425feb86344c028298548024f21256d",
        "type": "github"
      },
      "original": {
        "owner": "nix-community",
        "ref": "latest",
        "repo": "disko",
        "type": "github"
      }
    },
    "flake-schemas": {
      "locked": {
        "lastModified": 1721999734,
        "narHash": "sha256-G5CxYeJVm4lcEtaO87LKzOsVnWeTcHGKbKxNamNWgOw=",
        "rev": "0a5c42297d870156d9c57d8f99e476b738dcd982",
        "revCount": 75,
        "type": "tarball",
        "url": "https://api.flakehub.com/f/pinned/DeterminateSystems/flake-schemas/0.1.5/0190ef2f-61e0-794b-ba14-e82f225e55e6/source.tar.gz"
      },
      "original": {
        "type": "tarball",
        "url": "https://flakehub.com/f/DeterminateSystems/flake-schemas/%3D0.1.5.tar.gz"
      }
    },
    "home-manager": {
      "inputs": {
        "nixpkgs": [
          "chaotic",
          "nixpkgs"
        ]
      },
      "locked": {
        "lastModified": 1750973805,
        "narHash": "sha256-BZXgag7I0rnL/HMHAsBz3tQrfKAibpY2vovexl2lS+Y=",
        "owner": "nix-community",
        "repo": "home-manager",
        "rev": "080e8b48b0318b38143d5865de9334f46d51fce3",
        "type": "github"
      },
      "original": {
        "owner": "nix-community",
        "repo": "home-manager",
        "type": "github"
      }
    },
    "home-manager_2": {
      "inputs": {
        "nixpkgs": [
          "nixpkgs"
        ]
      },
      "locked": {
        "lastModified": 1751146119,
        "narHash": "sha256-gvjG95TCnUVJkvQvLMlnC4NqiqFyBdJk3o8/RwuHeaU=",
        "owner": "nix-community",
        "repo": "home-manager",
        "rev": "76d0c31fce2aa0c71409de953e2f9113acd5b656",
        "type": "github"
      },
      "original": {
        "owner": "nix-community",
        "repo": "home-manager",
        "type": "github"
      }
    },
    "home-manager_3": {
      "inputs": {
        "nixpkgs": [
          "zen-browser",
          "nixpkgs"
        ]
      },
      "locked": {
        "lastModified": 1743604125,
        "narHash": "sha256-ZD61DNbsBt1mQbinAaaEqKaJk2RFo9R/j+eYWeGMx7A=",
        "owner": "nix-community",
        "repo": "home-manager",
        "rev": "180fd43eea296e62ae68e079fcf56aba268b9a1a",
        "type": "github"
      },
      "original": {
        "owner": "nix-community",
        "repo": "home-manager",
        "type": "github"
      }
    },
    "jovian": {
      "inputs": {
        "nix-github-actions": "nix-github-actions",
        "nixpkgs": [
          "chaotic",
          "nixpkgs"
        ]
      },
      "locked": {
        "lastModified": 1750403547,
        "narHash": "sha256-XDDINMbHTtKQeSRpX5mwq20z23Wg/I/G4JUinA3V8Xg=",
        "owner": "Jovian-Experiments",
        "repo": "Jovian-NixOS",
        "rev": "52b86b86d925ec00c836ecc6d36f9c947bb15736",
        "type": "github"
      },
      "original": {
        "owner": "Jovian-Experiments",
        "repo": "Jovian-NixOS",
        "type": "github"
      }
    },
    "nix-github-actions": {
      "inputs": {
        "nixpkgs": [
          "chaotic",
          "jovian",
          "nixpkgs"
        ]
      },
      "locked": {
        "lastModified": 1729697500,
        "narHash": "sha256-VFTWrbzDlZyFHHb1AlKRiD/qqCJIripXKiCSFS8fAOY=",
        "owner": "zhaofengli",
        "repo": "nix-github-actions",
        "rev": "e418aeb728b6aa5ca8c5c71974e7159c2df1d8cf",
        "type": "github"
      },
      "original": {
        "owner": "zhaofengli",
        "ref": "matrix-name",
        "repo": "nix-github-actions",
        "type": "github"
      }
    },
    "nixpkgs": {
      "locked": {
        "lastModified": 1751011381,
        "narHash": "sha256-krGXKxvkBhnrSC/kGBmg5MyupUUT5R6IBCLEzx9jhMM=",
        "owner": "NixOS",
        "repo": "nixpkgs",
        "rev": "30e2e2857ba47844aa71991daa6ed1fc678bcbb7",
        "type": "github"
      },
      "original": {
        "owner": "NixOS",
        "ref": "nixos-unstable",
        "repo": "nixpkgs",
        "type": "github"
      }
    },
    "nixpkgs_2": {
      "locked": {
        "lastModified": 1751011381,
        "narHash": "sha256-krGXKxvkBhnrSC/kGBmg5MyupUUT5R6IBCLEzx9jhMM=",
        "owner": "nixos",
        "repo": "nixpkgs",
        "rev": "30e2e2857ba47844aa71991daa6ed1fc678bcbb7",
        "type": "github"
      },
      "original": {
        "owner": "nixos",
        "ref": "nixos-unstable",
        "repo": "nixpkgs",
        "type": "github"
      }
    },
    "root": {
      "inputs": {
        "chaotic": "chaotic",
        "disko": "disko",
        "home-manager": "home-manager_2",
        "nixpkgs": "nixpkgs_2",
        "zen-browser": "zen-browser"
      }
    },
    "rust-overlay": {
      "inputs": {
        "nixpkgs": [
          "chaotic",
          "nixpkgs"
        ]
      },
      "locked": {
        "lastModified": 1751078221,
        "narHash": "sha256-/SRmXIPxL7ixFLZgcDdgZDuIwt8eWQAamMYer0ODwbM=",
        "owner": "oxalica",
        "repo": "rust-overlay",
        "rev": "1712a6d3430ca75353d366b7ddd1c79d6b243efc",
        "type": "github"
      },
      "original": {
        "owner": "oxalica",
        "repo": "rust-overlay",
        "type": "github"
      }
    },
    "zen-browser": {
      "inputs": {
        "home-manager": "home-manager_3",
        "nixpkgs": [
          "nixpkgs"
        ]
      },
      "locked": {
        "lastModified": 1751200680,
        "narHash": "sha256-sVep+p1XtL4tpArd1of+8mA3mJ9T0NsHNOCLGKxxRns=",
        "owner": "0xc000022070",
        "repo": "zen-browser-flake",
        "rev": "35ba63ea42a57e8470e605b178e5228a29edbcbe",
        "type": "github"
      },
      "original": {
        "owner": "0xc000022070",
        "repo": "zen-browser-flake",
        "type": "github"
      }
    }
  },
  "root": "root",
  "version": 7
}
